
Microsoft Visual Studio Solution File, Format Version 12.00
# Visual Studio Version 16
VisualStudioVersion = 16.0.29609.76
MinimumVisualStudioVersion = 10.0.40219.1
Project("{FAE04EC0-301F-11D3-BF4B-00C04F79EFBC}") = "ToysAndGamesStore", "ToysAndGamesStore\ToysAndGamesStore.csproj", "{D3AED5BE-8B9F-4584-8944-F9325A91F2AF}"
EndProject
Project("{2150E333-8FDC-42A3-9474-1A3956D46DE8}") = "Solution Items", "Solution Items", "{D15FE7E5-641F-4075-B256-82AA61999330}"
	ProjectSection(SolutionItems) = preProject
		.editorconfig = .editorconfig
	EndProjectSection
EndProject
Global
	GlobalSection(SolutionConfigurationPlatforms) = preSolution
		Debug|Any CPU = Debug|Any CPU
		Release|Any CPU = Release|Any CPU
	EndGlobalSection
	GlobalSection(ProjectConfigurationPlatforms) = postSolution
		{D3AED5BE-8B9F-4584-8944-F9325A91F2AF}.Debug|Any CPU.ActiveCfg = Debug|Any CPU
		{D3AED5BE-8B9F-4584-8944-F9325A91F2AF}.Debug|Any CPU.Build.0 = Debug|Any CPU
		{D3AED5BE-8B9F-4584-8944-F9325A91F2AF}.Release|Any CPU.ActiveCfg = Release|Any CPU
		{D3AED5BE-8B9F-4584-8944-F9325A91F2AF}.Release|Any CPU.Build.0 = Release|Any CPU
	EndGlobalSection
	GlobalSection(SolutionProperties) = preSolution
		HideSolutionNode = FALSE
	EndGlobalSection
	GlobalSection(ExtensibilityGlobals) = postSolution
		SolutionGuid = {DC35457D-9263-4113-850E-1DA53216E162}
	EndGlobalSection
EndGlobal
